# THIS IS AN AUTOGENERATED FILE. DO NOT EDIT THIS FILE DIRECTLY.
# yarn lockfile v1


"@types/prop-types@*":
  version "15.7.0"
  resolved "https://registry.yarnpkg.com/@types/prop-types/-/prop-types-15.7.0.tgz#4c48fed958d6dcf9487195a0ef6456d5f6e0163a"
  integrity sha512-eItQyV43bj4rR3JPV0Skpl1SncRCdziTEK9/v8VwXmV6d/qOUO8/EuWeHBbCZcsfSHfzI5UyMJLCSXtxxznyZg==

"@types/react@^16.8.12":
  version "16.8.12"
  resolved "https://registry.yarnpkg.com/@types/react/-/react-16.8.12.tgz#ffbdd7bcd2b7037c3f78e26c708922a2befbb71f"
  integrity sha512-MZZiv11BQhsxFp5DHDmRKBi6Nv3jwOhRiFFDE7ZJ1+rb52gdOd9y/qY0+5wyV/PQVK9926wFMjpQj3BJ18pb4Q==
  dependencies:
    "@types/prop-types" "*"
    csstype "^2.2.0"

csstype@^2.2.0:
  version "2.6.3"
  resolved "https://registry.yarnpkg.com/csstype/-/csstype-2.6.3.tgz#b701e5968245bf9b08d54ac83d00b624e622a9fa"
  integrity sha512-rINUZXOkcBmoHWEyu7JdHu5JMzkGRoMX4ov9830WNgxf5UYxcBUO0QTKAqeJ5EZfSdlrcJYkC8WwfVW7JYi4yg==

typescript@^3.4.0-dev.20190403:
  version "3.4.0-dev.20190403"
  resolved "https://registry.yarnpkg.com/typescript/-/typescript-3.4.0-dev.20190403.tgz#f6a4c89b0d553458a75ce2f1bd9024a7fe8a5900"
  integrity sha512-4X/fjZf/2S6MHGRyQeFf5IouVlnILqe8Jp5qgTlWwWOaAMZx3zI3IjAhW5mq8XOfu9+DiQdRLawhDy230BRlZQ==
